
Microsoft Visual Studio Solution File, Format Version 12.00
# Visual Studio Version 16
VisualStudioVersion = 16.0.30717.126
MinimumVisualStudioVersion = 10.0.40219.1
Project("{FAE04EC0-301F-11D3-BF4B-00C04F79EFBC}") = "SimulationLab8", "SimulationLab8\SimulationLab8.csproj", "{16E9140D-D06F-4344-91C6-3AA849AAFEAA}"
EndProject
Global
	GlobalSection(SolutionConfigurationPlatforms) = preSolution
		Debug|Any CPU = Debug|Any CPU
		Release|Any CPU = Release|Any CPU
	EndGlobalSection
	GlobalSection(ProjectConfigurationPlatforms) = postSolution
		{16E9140D-D06F-4344-91C6-3AA849AAFEAA}.Debug|Any CPU.ActiveCfg = Debug|Any CPU
		{16E9140D-D06F-4344-91C6-3AA849AAFEAA}.Debug|Any CPU.Build.0 = Debug|Any CPU
		{16E9140D-D06F-4344-91C6-3AA849AAFEAA}.Release|Any CPU.ActiveCfg = Release|Any CPU
		{16E9140D-D06F-4344-91C6-3AA849AAFEAA}.Release|Any CPU.Build.0 = Release|Any CPU
	EndGlobalSection
	GlobalSection(SolutionProperties) = preSolution
		HideSolutionNode = FALSE
	EndGlobalSection
	GlobalSection(ExtensibilityGlobals) = postSolution
		SolutionGuid = {87D5FF1A-090B-4AAF-9565-B5AB7B68E375}
	EndGlobalSection
EndGlobal
